// !$*UTF8*$!
{
	archiveVersion = 1;
	classes = {
	};
	objectVersion = 55;
	objects = {

/* Begin PBXBuildFile section */
		DE172D602818396000FE059A /* AppDelegate.swift in Sources */ = {isa = PBXBuildFile; fileRef = DE172D5F2818396000FE059A /* AppDelegate.swift */; };
		DE172D622818396000FE059A /* SceneDelegate.swift in Sources */ = {isa = PBXBuildFile; fileRef = DE172D612818396000FE059A /* SceneDelegate.swift */; };
		DE172D642818396000FE059A /* ViewController.swift in Sources */ = {isa = PBXBuildFile; fileRef = DE172D632818396000FE059A /* ViewController.swift */; };
		DE172D672818396000FE059A /* Main.storyboard in Resources */ = {isa = PBXBuildFile; fileRef = DE172D652818396000FE059A /* Main.storyboard */; };
		DE172D692818396200FE059A /* Assets.xcassets in Resources */ = {isa = PBXBuildFile; fileRef = DE172D682818396200FE059A /* Assets.xcassets */; };
		DE172D6C2818396200FE059A /* LaunchScreen.storyboard in Resources */ = {isa = PBXBuildFile; fileRef = DE172D6A2818396200FE059A /* LaunchScreen.storyboard */; };
		DE172D772818396300FE059A /* Creating_NotificationTests.swift in Sources */ = {isa = PBXBuildFile; fileRef = DE172D762818396300FE059A /* Creating_NotificationTests.swift */; };
		DE172D812818396300FE059A /* Creating_NotificationUITests.swift in Sources */ = {isa = PBXBuildFile; fileRef = DE172D802818396300FE059A /* Creating_NotificationUITests.swift */; };
		DE172D832818396300FE059A /* Creating_NotificationUITestsLaunchTests.swift in Sources */ = {isa = PBXBuildFile; fileRef = DE172D822818396300FE059A /* Creating_NotificationUITestsLaunchTests.swift */; };
/* End PBXBuildFile section */

/* Begin PBXContainerItemProxy section */
		DE172D732818396300FE059A /* PBXContainerItemProxy */ = {
			isa = PBXContainerItemProxy;
			containerPortal = DE172D542818396000FE059A /* Project object */;
			proxyType = 1;
			remoteGlobalIDString = DE172D5B2818396000FE059A;
			remoteInfo = "Creating Notification";
		};
		DE172D7D2818396300FE059A /* PBXContainerItemProxy */ = {
			isa = PBXContainerItemProxy;
			containerPortal = DE172D542818396000FE059A /* Project object */;
			proxyType = 1;
			remoteGlobalIDString = DE172D5B2818396000FE059A;
			remoteInfo = "Creating Notification";
		};
/* End PBXContainerItemProxy section */

/* Begin PBXFileReference section */
		DE172D5C2818396000FE059A /* Creating Notification.app */ = {isa = PBXFileReference; explicitFileType = wrapper.application; includeInIndex = 0; path = "Creating Notification.app"; sourceTree = BUILT_PRODUCTS_DIR; };
		DE172D5F2818396000FE059A /* AppDelegate.swift */ = {isa = PBXFileReference; lastKnownFileType = sourcecode.swift; path = AppDelegate.swift; sourceTree = "<group>"; };
		DE172D612818396000FE059A /* SceneDelegate.swift */ = {isa = PBXFileReference; lastKnownFileType = sourcecode.swift; path = SceneDelegate.swift; sourceTree = "<group>"; };
		DE172D632818396000FE059A /* ViewController.swift */ = {isa = PBXFileReference; lastKnownFileType = sourcecode.swift; path = ViewController.swift; sourceTree = "<group>"; };
		DE172D662818396000FE059A /* Base */ = {isa = PBXFileReference; lastKnownFileType = file.storyboard; name = Base; path = Base.lproj/Main.storyboard; sourceTree = "<group>"; };
		DE172D682818396200FE059A /* Assets.xcassets */ = {isa = PBXFileReference; lastKnownFileType = folder.assetcatalog; path = Assets.xcassets; sourceTree = "<group>"; };
		DE172D6B2818396200FE059A /* Base */ = {isa = PBXFileReference; lastKnownFileType = file.storyboard; name = Base; path = Base.lproj/LaunchScreen.storyboard; sourceTree = "<group>"; };
		DE172D6D2818396200FE059A /* Info.plist */ = {isa = PBXFileReference; lastKnownFileType = text.plist.xml; path = Info.plist; sourceTree = "<group>"; };
		DE172D722818396300FE059A /* Creating NotificationTests.xctest */ = {isa = PBXFileReference; explicitFileType = wrapper.cfbundle; includeInIndex = 0; path = "Creating NotificationTests.xctest"; sourceTree = BUILT_PRODUCTS_DIR; };
		DE172D762818396300FE059A /* Creating_NotificationTests.swift */ = {isa = PBXFileReference; lastKnownFileType = sourcecode.swift; path = Creating_NotificationTests.swift; sourceTree = "<group>"; };
		DE172D7C2818396300FE059A /* Creating NotificationUITests.xctest */ = {isa = PBXFileReference; explicitFileType = wrapper.cfbundle; includeInIndex = 0; path = "Creating NotificationUITests.xctest"; sourceTree = BUILT_PRODUCTS_DIR; };
		DE172D802818396300FE059A /* Creating_NotificationUITests.swift */ = {isa = PBXFileReference; lastKnownFileType = sourcecode.swift; path = Creating_NotificationUITests.swift; sourceTree = "<group>"; };
		DE172D822818396300FE059A /* Creating_NotificationUITestsLaunchTests.swift */ = {isa = PBXFileReference; lastKnownFileType = sourcecode.swift; path = Creating_NotificationUITestsLaunchTests.swift; sourceTree = "<group>"; };
/* End PBXFileReference section */

/* Begin PBXFrameworksBuildPhase section */
		DE172D592818396000FE059A /* Frameworks */ = {
			isa = PBXFrameworksBuildPhase;
			buildActionMask = 2147483647;
			files = (
			);
			runOnlyForDeploymentPostprocessing = 0;
		};
		DE172D6F2818396300FE059A /* Frameworks */ = {
			isa = PBXFrameworksBuildPhase;
			buildActionMask = 2147483647;
			files = (
			);
			runOnlyForDeploymentPostprocessing = 0;
		};
		DE172D792818396300FE059A /* Frameworks */ = {
			isa = PBXFrameworksBuildPhase;
			buildActionMask = 2147483647;
			files = (
			);
			runOnlyForDeploymentPostprocessing = 0;
		};
/* End PBXFrameworksBuildPhase section */

/* Begin PBXGroup section */
		DE172D532818396000FE059A = {
			isa = PBXGroup;
			children = (
				DE172D5E2818396000FE059A /* Creating Notification */,
				DE172D752818396300FE059A /* Creating NotificationTests */,
				DE172D7F2818396300FE059A /* Creating NotificationUITests */,
				DE172D5D2818396000FE059A /* Products */,
			);
			sourceTree = "<group>";
		};
		DE172D5D2818396000FE059A /* Products */ = {
			isa = PBXGroup;
			children = (
				DE172D5C2818396000FE059A /* Creating Notification.app */,
				DE172D722818396300FE059A /* Creating NotificationTests.xctest */,
				DE172D7C2818396300FE059A /* Creating NotificationUITests.xctest */,
			);
			name = Products;
			sourceTree = "<group>";
		};
		DE172D5E2818396000FE059A /* Creating Notification */ = {
			isa = PBXGroup;
			children = (
				DE172D5F2818396000FE059A /* AppDelegate.swift */,
				DE172D612818396000FE059A /* SceneDelegate.swift */,
				DE172D632818396000FE059A /* ViewController.swift */,
				DE172D652818396000FE059A /* Main.storyboard */,
				DE172D682818396200FE059A /* Assets.xcassets */,
				DE172D6A2818396200FE059A /* LaunchScreen.storyboard */,
				DE172D6D2818396200FE059A /* Info.plist */,
			);
			path = "Creating Notification";
			sourceTree = "<group>";
		};
		DE172D752818396300FE059A /* Creating NotificationTests */ = {
			isa = PBXGroup;
			children = (
				DE172D762818396300FE059A /* Creating_NotificationTests.swift */,
			);
			path = "Creating NotificationTests";
			sourceTree = "<group>";
		};
		DE172D7F2818396300FE059A /* Creating NotificationUITests */ = {
			isa = PBXGroup;
			children = (
				DE172D802818396300FE059A /* Creating_NotificationUITests.swift */,
				DE172D822818396300FE059A /* Creating_NotificationUITestsLaunchTests.swift */,
			);
			path = "Creating NotificationUITests";
			sourceTree = "<group>";
		};
/* End PBXGroup section */

/* Begin PBXNativeTarget section */
		DE172D5B2818396000FE059A /* Creating Notification */ = {
			isa = PBXNativeTarget;
			buildConfigurationList = DE172D862818396300FE059A /* Build configuration list for PBXNativeTarget "Creating Notification" */;
			buildPhases = (
				DE172D582818396000FE059A /* Sources */,
				DE172D592818396000FE059A /* Frameworks */,
				DE172D5A2818396000FE059A /* Resources */,
			);
			buildRules = (
			);
			dependencies = (
			);
			name = "Creating Notification";
			productName = "Creating Notification";
			productReference = DE172D5C2818396000FE059A /* Creating Notification.app */;
			productType = "com.apple.product-type.application";
		};
		DE172D712818396300FE059A /* Creating NotificationTests */ = {
			isa = PBXNativeTarget;
			buildConfigurationList = DE172D892818396300FE059A /* Build configuration list for PBXNativeTarget "Creating NotificationTests" */;
			buildPhases = (
				DE172D6E2818396300FE059A /* Sources */,
				DE172D6F2818396300FE059A /* Frameworks */,
				DE172D702818396300FE059A /* Resources */,
			);
			buildRules = (
			);
			dependencies = (
				DE172D742818396300FE059A /* PBXTargetDependency */,
			);
			name = "Creating NotificationTests";
			productName = "Creating NotificationTests";
			productReference = DE172D722818396300FE059A /* Creating NotificationTests.xctest */;
			productType = "com.apple.product-type.bundle.unit-test";
		};
		DE172D7B2818396300FE059A /* Creating NotificationUITests */ = {
			isa = PBXNativeTarget;
			buildConfigurationList = DE172D8C2818396300FE059A /* Build configuration list for PBXNativeTarget "Creating NotificationUITests" */;
			buildPhases = (
				DE172D782818396300FE059A /* Sources */,
				DE172D792818396300FE059A /* Frameworks */,
				DE172D7A2818396300FE059A /* Resources */,
			);
			buildRules = (
			);
			dependencies = (
				DE172D7E2818396300FE059A /* PBXTargetDependency */,
			);
			name = "Creating NotificationUITests";
			productName = "Creating NotificationUITests";
			productReference = DE172D7C2818396300FE059A /* Creating NotificationUITests.xctest */;
			productType = "com.apple.product-type.bundle.ui-testing";
		};
/* End PBXNativeTarget section */

/* Begin PBXProject section */
		DE172D542818396000FE059A /* Project object */ = {
			isa = PBXProject;
			attributes = {
				BuildIndependentTargetsInParallel = 1;
				LastSwiftUpdateCheck = 1320;
				LastUpgradeCheck = 1320;
				TargetAttributes = {
					DE172D5B2818396000FE059A = {
						CreatedOnToolsVersion = 13.2.1;
					};
					DE172D712818396300FE059A = {
						CreatedOnToolsVersion = 13.2.1;
						TestTargetID = DE172D5B2818396000FE059A;
					};
					DE172D7B2818396300FE059A = {
						CreatedOnToolsVersion = 13.2.1;
						TestTargetID = DE172D5B2818396000FE059A;
					};
				};
			};
			buildConfigurationList = DE172D572818396000FE059A /* Build configuration list for PBXProject "Creating Notification" */;
			compatibilityVersion = "Xcode 13.0";
			developmentRegion = en;
			hasScannedForEncodings = 0;
			knownRegions = (
				en,
				Base,
			);
			mainGroup = DE172D532818396000FE059A;
			productRefGroup = DE172D5D2818396000FE059A /* Products */;
			projectDirPath = "";
			projectRoot = "";
			targets = (
				DE172D5B2818396000FE059A /* Creating Notification */,
				DE172D712818396300FE059A /* Creating NotificationTests */,
				DE172D7B2818396300FE059A /* Creating NotificationUITests */,
			);
		};
/* End PBXProject section */

/* Begin PBXResourcesBuildPhase section */
		DE172D5A2818396000FE059A /* Resources */ = {
			isa = PBXResourcesBuildPhase;
			buildActionMask = 2147483647;
			files = (
				DE172D6C2818396200FE059A /* LaunchScreen.storyboard in Resources */,
				DE172D692818396200FE059A /* Assets.xcassets in Resources */,
				DE172D672818396000FE059A /* Main.storyboard in Resources */,
			);
			runOnlyForDeploymentPostprocessing = 0;
		};
		DE172D702818396300FE059A /* Resources */ = {
			isa = PBXResourcesBuildPhase;
			buildActionMask = 2147483647;
			files = (
			);
			runOnlyForDeploymentPostprocessing = 0;
		};
		DE172D7A2818396300FE059A /* Resources */ = {
			isa = PBXResourcesBuildPhase;
			buildActionMask = 2147483647;
			files = (
			);
			runOnlyForDeploymentPostprocessing = 0;
		};
/* End PBXResourcesBuildPhase section */

/* Begin PBXSourcesBuildPhase section */
		DE172D582818396000FE059A /* Sources */ = {
			isa = PBXSourcesBuildPhase;
			buildActionMask = 2147483647;
			files = (
				DE172D642818396000FE059A /* ViewController.swift in Sources */,
				DE172D602818396000FE059A /* AppDelegate.swift in Sources */,
				DE172D622818396000FE059A /* SceneDelegate.swift in Sources */,
			);
			runOnlyForDeploymentPostprocessing = 0;
		};
		DE172D6E2818396300FE059A /* Sources */ = {
			isa = PBXSourcesBuildPhase;
			buildActionMask = 2147483647;
			files = (
				DE172D772818396300FE059A /* Creating_NotificationTests.swift in Sources */,
			);
			runOnlyForDeploymentPostprocessing = 0;
		};
		DE172D782818396300FE059A /* Sources */ = {
			isa = PBXSourcesBuildPhase;
			buildActionMask = 2147483647;
			files = (
				DE172D832818396300FE059A /* Creating_NotificationUITestsLaunchTests.swift in Sources */,
				DE172D812818396300FE059A /* Creating_NotificationUITests.swift in Sources */,
			);
			runOnlyForDeploymentPostprocessing = 0;
		};
/* End PBXSourcesBuildPhase section */

/* Begin PBXTargetDependency section */
		DE172D742818396300FE059A /* PBXTargetDependency */ = {
			isa = PBXTargetDependency;
			target = DE172D5B2818396000FE059A /* Creating Notification */;
			targetProxy = DE172D732818396300FE059A /* PBXContainerItemProxy */;
		};
		DE172D7E2818396300FE059A /* PBXTargetDependency */ = {
			isa = PBXTargetDependency;
			target = DE172D5B2818396000FE059A /* Creating Notification */;
			targetProxy = DE172D7D2818396300FE059A /* PBXContainerItemProxy */;
		};
/* End PBXTargetDependency section */

/* Begin PBXVariantGroup section */
		DE172D652818396000FE059A /* Main.storyboard */ = {
			isa = PBXVariantGroup;
			children = (
				DE172D662818396000FE059A /* Base */,
			);
			name = Main.storyboard;
			sourceTree = "<group>";
		};
		DE172D6A2818396200FE059A /* LaunchScreen.storyboard */ = {
			isa = PBXVariantGroup;
			children = (
				DE172D6B2818396200FE059A /* Base */,
			);
			name = LaunchScreen.storyboard;
			sourceTree = "<group>";
		};
/* End PBXVariantGroup section */

/* Begin XCBuildConfiguration section */
		DE172D842818396300FE059A /* Debug */ = {
			isa = XCBuildConfiguration;
			buildSettings = {
				ALWAYS_SEARCH_USER_PATHS = NO;
				CLANG_ANALYZER_NONNULL = YES;
				CLANG_ANALYZER_NUMBER_OBJECT_CONVERSION = YES_AGGRESSIVE;
				CLANG_CXX_LANGUAGE_STANDARD = "gnu++17";
				CLANG_CXX_LIBRARY = "libc++";
				CLANG_ENABLE_MODULES = YES;
				CLANG_ENABLE_OBJC_ARC = YES;
				CLANG_ENABLE_OBJC_WEAK = YES;
				CLANG_WARN_BLOCK_CAPTURE_AUTORELEASING = YES;
				CLANG_WARN_BOOL_CONVERSION = YES;
				CLANG_WARN_COMMA = YES;
				CLANG_WARN_CONSTANT_CONVERSION = YES;
				CLANG_WARN_DEPRECATED_OBJC_IMPLEMENTATIONS = YES;
				CLANG_WARN_DIRECT_OBJC_ISA_USAGE = YES_ERROR;
				CLANG_WARN_DOCUMENTATION_COMMENTS = YES;
				CLANG_WARN_EMPTY_BODY = YES;
				CLANG_WARN_ENUM_CONVERSION = YES;
				CLANG_WARN_INFINITE_RECURSION = YES;
				CLANG_WARN_INT_CONVERSION = YES;
				CLANG_WARN_NON_LITERAL_NULL_CONVERSION = YES;
				CLANG_WARN_OBJC_IMPLICIT_RETAIN_SELF = YES;
				CLANG_WARN_OBJC_LITERAL_CONVERSION = YES;
				CLANG_WARN_OBJC_ROOT_CLASS = YES_ERROR;
				CLANG_WARN_QUOTED_INCLUDE_IN_FRAMEWORK_HEADER = YES;
				CLANG_WARN_RANGE_LOOP_ANALYSIS = YES;
				CLANG_WARN_STRICT_PROTOTYPES = YES;
				CLANG_WARN_SUSPICIOUS_MOVE = YES;
				CLANG_WARN_UNGUARDED_AVAILABILITY = YES_AGGRESSIVE;
				CLANG_WARN_UNREACHABLE_CODE = YES;
				CLANG_WARN__DUPLICATE_METHOD_MATCH = YES;
				COPY_PHASE_STRIP = NO;
				DEBUG_INFORMATION_FORMAT = dwarf;
				ENABLE_STRICT_OBJC_MSGSEND = YES;
				ENABLE_TESTABILITY = YES;
				GCC_C_LANGUAGE_STANDARD = gnu11;
				GCC_DYNAMIC_NO_PIC = NO;
				GCC_NO_COMMON_BLOCKS = YES;
				GCC_OPTIMIZATION_LEVEL = 0;
				GCC_PREPROCESSOR_DEFINITIONS = (
					"DEBUG=1",
					"$(inherited)",
				);
				GCC_WARN_64_TO_32_BIT_CONVERSION = YES;
				GCC_WARN_ABOUT_RETURN_TYPE = YES_ERROR;
				GCC_WARN_UNDECLARED_SELECTOR = YES;
				GCC_WARN_UNINITIALIZED_AUTOS = YES_AGGRESSIVE;
				GCC_WARN_UNUSED_FUNCTION = YES;
				GCC_WARN_UNUSED_VARIABLE = YES;
				IPHONEOS_DEPLOYMENT_TARGET = 15.2;
				MTL_ENABLE_DEBUG_INFO = INCLUDE_SOURCE;
				MTL_FAST_MATH = YES;
				ONLY_ACTIVE_ARCH = YES;
				SDKROOT = iphoneos;
				SWIFT_ACTIVE_COMPILATION_CONDITIONS = DEBUG;
				SWIFT_OPTIMIZATION_LEVEL = "-Onone";
			};
			name = Debug;
		};
		DE172D852818396300FE059A /* Release */ = {
			isa = XCBuildConfiguration;
			buildSettings = {
				ALWAYS_SEARCH_USER_PATHS = NO;
				CLANG_ANALYZER_NONNULL = YES;
				CLANG_ANALYZER_NUMBER_OBJECT_CONVERSION = YES_AGGRESSIVE;
				CLANG_CXX_LANGUAGE_STANDARD = "gnu++17";
				CLANG_CXX_LIBRARY = "libc++";
				CLANG_ENABLE_MODULES = YES;
				CLANG_ENABLE_OBJC_ARC = YES;
				CLANG_ENABLE_OBJC_WEAK = YES;
				CLANG_WARN_BLOCK_CAPTURE_AUTORELEASING = YES;
				CLANG_WARN_BOOL_CONVERSION = YES;
				CLANG_WARN_COMMA = YES;
				CLANG_WARN_CONSTANT_CONVERSION = YES;
				CLANG_WARN_DEPRECATED_OBJC_IMPLEMENTATIONS = YES;
				CLANG_WARN_DIRECT_OBJC_ISA_USAGE = YES_ERROR;
				CLANG_WARN_DOCUMENTATION_COMMENTS = YES;
				CLANG_WARN_EMPTY_BODY = YES;
				CLANG_WARN_ENUM_CONVERSION = YES;
				CLANG_WARN_INFINITE_RECURSION = YES;
				CLANG_WARN_INT_CONVERSION = YES;
				CLANG_WARN_NON_LITERAL_NULL_CONVERSION = YES;
				CLANG_WARN_OBJC_IMPLICIT_RETAIN_SELF = YES;
				CLANG_WARN_OBJC_LITERAL_CONVERSION = YES;
				CLANG_WARN_OBJC_ROOT_CLASS = YES_ERROR;
				CLANG_WARN_QUOTED_INCLUDE_IN_FRAMEWORK_HEADER = YES;
				CLANG_WARN_RANGE_LOOP_ANALYSIS = YES;
				CLANG_WARN_STRICT_PROTOTYPES = YES;
				CLANG_WARN_SUSPICIOUS_MOVE = YES;
				CLANG_WARN_UNGUARDED_AVAILABILITY = YES_AGGRESSIVE;
				CLANG_WARN_UNREACHABLE_CODE = YES;
				CLANG_WARN__DUPLICATE_METHOD_MATCH = YES;
				COPY_PHASE_STRIP = NO;
				DEBUG_INFORMATION_FORMAT = "dwarf-with-dsym";
				ENABLE_NS_ASSERTIONS = NO;
				ENABLE_STRICT_OBJC_MSGSEND = YES;
				GCC_C_LANGUAGE_STANDARD = gnu11;
				GCC_NO_COMMON_BLOCKS = YES;
				GCC_WARN_64_TO_32_BIT_CONVERSION = YES;
				GCC_WARN_ABOUT_RETURN_TYPE = YES_ERROR;
				GCC_WARN_UNDECLARED_SELECTOR = YES;
				GCC_WARN_UNINITIALIZED_AUTOS = YES_AGGRESSIVE;
				GCC_WARN_UNUSED_FUNCTION = YES;
				GCC_WARN_UNUSED_VARIABLE = YES;
				IPHONEOS_DEPLOYMENT_TARGET = 15.2;
				MTL_ENABLE_DEBUG_INFO = NO;
				MTL_FAST_MATH = YES;
				SDKROOT = iphoneos;
				SWIFT_COMPILATION_MODE = wholemodule;
				SWIFT_OPTIMIZATION_LEVEL = "-O";
				VALIDATE_PRODUCT = YES;
			};
			name = Release;
		};
		DE172D872818396300FE059A /* Debug */ = {
			isa = XCBuildConfiguration;
			buildSettings = {
				ASSETCATALOG_COMPILER_APPICON_NAME = AppIcon;
				ASSETCATALOG_COMPILER_GLOBAL_ACCENT_COLOR_NAME = AccentColor;
				CODE_SIGN_STYLE = Automatic;
				CURRENT_PROJECT_VERSION = 1;
				DEVELOPMENT_TEAM = 7CRNJ953YN;
				GENERATE_INFOPLIST_FILE = YES;
				INFOPLIST_FILE = "Creating Notification/Info.plist";
				INFOPLIST_KEY_UIApplicationSupportsIndirectInputEvents = YES;
				INFOPLIST_KEY_UILaunchStoryboardName = LaunchScreen;
				INFOPLIST_KEY_UIMainStoryboardFile = Main;
				INFOPLIST_KEY_UISupportedInterfaceOrientations_iPad = "UIInterfaceOrientationPortrait UIInterfaceOrientationPortraitUpsideDown UIInterfaceOrientationLandscapeLeft UIInterfaceOrientationLandscapeRight";
				INFOPLIST_KEY_UISupportedInterfaceOrientations_iPhone = "UIInterfaceOrientationPortrait UIInterfaceOrientationLandscapeLeft UIInterfaceOrientationLandscapeRight";
				LD_RUNPATH_SEARCH_PATHS = (
					"$(inherited)",
					"@executable_path/Frameworks",
				);
				MARKETING_VERSION = 1.0;
				PRODUCT_BUNDLE_IDENTIFIER = "com.omerKilicaslan.Creating-Notification";
				PRODUCT_NAME = "$(TARGET_NAME)";
				SWIFT_EMIT_LOC_STRINGS = YES;
				SWIFT_VERSION = 5.0;
				TARGETED_DEVICE_FAMILY = "1,2";
			};
			name = Debug;
		};
		DE172D882818396300FE059A /* Release */ = {
			isa = XCBuildConfiguration;
			buildSettings = {
				ASSETCATALOG_COMPILER_APPICON_NAME = AppIcon;
				ASSETCATALOG_COMPILER_GLOBAL_ACCENT_COLOR_NAME = AccentColor;
				CODE_SIGN_STYLE = Automatic;
				CURRENT_PROJECT_VERSION = 1;
				DEVELOPMENT_TEAM = 7CRNJ953YN;
				GENERATE_INFOPLIST_FILE = YES;
				INFOPLIST_FILE = "Creating Notification/Info.plist";
				INFOPLIST_KEY_UIApplicationSupportsIndirectInputEvents = YES;
				INFOPLIST_KEY_UILaunchStoryboardName = LaunchScreen;
				INFOPLIST_KEY_UIMainStoryboardFile = Main;
				INFOPLIST_KEY_UISupportedInterfaceOrientations_iPad = "UIInterfaceOrientationPortrait UIInterfaceOrientationPortraitUpsideDown UIInterfaceOrientationLandscapeLeft UIInterfaceOrientationLandscapeRight";
				INFOPLIST_KEY_UISupportedInterfaceOrientations_iPhone = "UIInterfaceOrientationPortrait UIInterfaceOrientationLandscapeLeft UIInterfaceOrientationLandscapeRight";
				LD_RUNPATH_SEARCH_PATHS = (
					"$(inherited)",
					"@executable_path/Frameworks",
				);
				MARKETING_VERSION = 1.0;
				PRODUCT_BUNDLE_IDENTIFIER = "com.omerKilicaslan.Creating-Notification";
				PRODUCT_NAME = "$(TARGET_NAME)";
				SWIFT_EMIT_LOC_STRINGS = YES;
				SWIFT_VERSION = 5.0;
				TARGETED_DEVICE_FAMILY = "1,2";
			};
			name = Release;
		};
		DE172D8A2818396300FE059A /* Debug */ = {
			isa = XCBuildConfiguration;
			buildSettings = {
				ALWAYS_EMBED_SWIFT_STANDARD_LIBRARIES = YES;
				BUNDLE_LOADER = "$(TEST_HOST)";
				CODE_SIGN_STYLE = Automatic;
				CURRENT_PROJECT_VERSION = 1;
				DEVELOPMENT_TEAM = 7CRNJ953YN;
				GENERATE_INFOPLIST_FILE = YES;
				IPHONEOS_DEPLOYMENT_TARGET = 15.2;
				MARKETING_VERSION = 1.0;
				PRODUCT_BUNDLE_IDENTIFIER = "com.omerKilicaslan.Creating-NotificationTests";
				PRODUCT_NAME = "$(TARGET_NAME)";
				SWIFT_EMIT_LOC_STRINGS = NO;
				SWIFT_VERSION = 5.0;
				TARGETED_DEVICE_FAMILY = "1,2";
				TEST_HOST = "$(BUILT_PRODUCTS_DIR)/Creating Notification.app/Creating Notification";
			};
			name = Debug;
		};
		DE172D8B2818396300FE059A /* Release */ = {
			isa = XCBuildConfiguration;
			buildSettings = {
				ALWAYS_EMBED_SWIFT_STANDARD_LIBRARIES = YES;
				BUNDLE_LOADER = "$(TEST_HOST)";
				CODE_SIGN_STYLE = Automatic;
				CURRENT_PROJECT_VERSION = 1;
				DEVELOPMENT_TEAM = 7CRNJ953YN;
				GENERATE_INFOPLIST_FILE = YES;
				IPHONEOS_DEPLOYMENT_TARGET = 15.2;
				MARKETING_VERSION = 1.0;
				PRODUCT_BUNDLE_IDENTIFIER = "com.omerKilicaslan.Creating-NotificationTests";
				PRODUCT_NAME = "$(TARGET_NAME)";
				SWIFT_EMIT_LOC_STRINGS = NO;
				SWIFT_VERSION = 5.0;
				TARGETED_DEVICE_FAMILY = "1,2";
				TEST_HOST = "$(BUILT_PRODUCTS_DIR)/Creating Notification.app/Creating Notification";
			};
			name = Release;
		};
		DE172D8D2818396300FE059A /* Debug */ = {
			isa = XCBuildConfiguration;
			buildSettings = {
				ALWAYS_EMBED_SWIFT_STANDARD_LIBRARIES = YES;
				CODE_SIGN_STYLE = Automatic;
				CURRENT_PROJECT_VERSION = 1;
				DEVELOPMENT_TEAM = 7CRNJ953YN;
				GENERATE_INFOPLIST_FILE = YES;
				MARKETING_VERSION = 1.0;
				PRODUCT_BUNDLE_IDENTIFIER = "com.omerKilicaslan.Creating-NotificationUITests";
				PRODUCT_NAME = "$(TARGET_NAME)";
				SWIFT_EMIT_LOC_STRINGS = NO;
				SWIFT_VERSION = 5.0;
				TARGETED_DEVICE_FAMILY = "1,2";
				TEST_TARGET_NAME = "Creating Notification";
			};
			name = Debug;
		};
		DE172D8E2818396300FE059A /* Release */ = {
			isa = XCBuildConfiguration;
			buildSettings = {
				ALWAYS_EMBED_SWIFT_STANDARD_LIBRARIES = YES;
				CODE_SIGN_STYLE = Automatic;
				CURRENT_PROJECT_VERSION = 1;
				DEVELOPMENT_TEAM = 7CRNJ953YN;
				GENERATE_INFOPLIST_FILE = YES;
				MARKETING_VERSION = 1.0;
				PRODUCT_BUNDLE_IDENTIFIER = "com.omerKilicaslan.Creating-NotificationUITests";
				PRODUCT_NAME = "$(TARGET_NAME)";
				SWIFT_EMIT_LOC_STRINGS = NO;
				SWIFT_VERSION = 5.0;
				TARGETED_DEVICE_FAMILY = "1,2";
				TEST_TARGET_NAME = "Creating Notification";
			};
			name = Release;
		};
/* End XCBuildConfiguration section */

/* Begin XCConfigurationList section */
		DE172D572818396000FE059A /* Build configuration list for PBXProject "Creating Notification" */ = {
			isa = XCConfigurationList;
			buildConfigurations = (
				DE172D842818396300FE059A /* Debug */,
				DE172D852818396300FE059A /* Release */,
			);
			defaultConfigurationIsVisible = 0;
			defaultConfigurationName = Release;
		};
		DE172D862818396300FE059A /* Build configuration list for PBXNativeTarget "Creating Notification" */ = {
			isa = XCConfigurationList;
			buildConfigurations = (
				DE172D872818396300FE059A /* Debug */,
				DE172D882818396300FE059A /* Release */,
			);
			defaultConfigurationIsVisible = 0;
			defaultConfigurationName = Release;
		};
		DE172D892818396300FE059A /* Build configuration list for PBXNativeTarget "Creating NotificationTests" */ = {
			isa = XCConfigurationList;
			buildConfigurations = (
				DE172D8A2818396300FE059A /* Debug */,
				DE172D8B2818396300FE059A /* Release */,
			);
			defaultConfigurationIsVisible = 0;
			defaultConfigurationName = Release;
		};
		DE172D8C2818396300FE059A /* Build configuration list for PBXNativeTarget "Creating NotificationUITests" */ = {
			isa = XCConfigurationList;
			buildConfigurations = (
				DE172D8D2818396300FE059A /* Debug */,
				DE172D8E2818396300FE059A /* Release */,
			);
			defaultConfigurationIsVisible = 0;
			defaultConfigurationName = Release;
		};
/* End XCConfigurationList section */
	};
	rootObject = DE172D542818396000FE059A /* Project object */;
}
